// !$*UTF8*$!
{
	archiveVersion = 1;
	classes = {
	};
	objectVersion = 46;
	objects = {

/* Begin PBXBuildFile section */
		D76CBAD41F46716700D51490 /* AppDelegate.m in Sources */ = {isa = PBXBuildFile; fileRef = D76CBAD31F46716700D51490 /* AppDelegate.m */; };
		D76CBAD71F46716700D51490 /* main.m in Sources */ = {isa = PBXBuildFile; fileRef = D76CBAD61F46716700D51490 /* main.m */; };
		D76CBADC1F46716700D51490 /* Assets.xcassets in Resources */ = {isa = PBXBuildFile; fileRef = D76CBADB1F46716700D51490 /* Assets.xcassets */; };
		D76CBADF1F46716700D51490 /* Main.storyboard in Resources */ = {isa = PBXBuildFile; fileRef = D76CBADD1F46716700D51490 /* Main.storyboard */; };
		D76CBAEA1F46716700D51490 /* low_poly_engineTests.m in Sources */ = {isa = PBXBuildFile; fileRef = D76CBAE91F46716700D51490 /* low_poly_engineTests.m */; };
		D76CBAF51F46716700D51490 /* low_poly_engineUITests.m in Sources */ = {isa = PBXBuildFile; fileRef = D76CBAF41F46716700D51490 /* low_poly_engineUITests.m */; };
		D76CBB041F46B6AD00D51490 /* Metal.framework in Frameworks */ = {isa = PBXBuildFile; fileRef = D76CBB031F46B6AD00D51490 /* Metal.framework */; };
		D76CBB061F46B6B400D51490 /* MetalKit.framework in Frameworks */ = {isa = PBXBuildFile; fileRef = D76CBB051F46B6B400D51490 /* MetalKit.framework */; };
		D76CBB0C1F46BF8C00D51490 /* EngineMetalView.m in Sources */ = {isa = PBXBuildFile; fileRef = D76CBB0B1F46BF8C00D51490 /* EngineMetalView.m */; };
		D76CBB0F1F46D96B00D51490 /* engineShaders.metal in Sources */ = {isa = PBXBuildFile; fileRef = D76CBB0E1F46D96B00D51490 /* engineShaders.metal */; };
/* End PBXBuildFile section */

/* Begin PBXContainerItemProxy section */
		D76CBAE61F46716700D51490 /* PBXContainerItemProxy */ = {
			isa = PBXContainerItemProxy;
			containerPortal = D76CBAC71F46716700D51490 /* Project object */;
			proxyType = 1;
			remoteGlobalIDString = D76CBACE1F46716700D51490;
			remoteInfo = low_poly_engine;
		};
		D76CBAF11F46716700D51490 /* PBXContainerItemProxy */ = {
			isa = PBXContainerItemProxy;
			containerPortal = D76CBAC71F46716700D51490 /* Project object */;
			proxyType = 1;
			remoteGlobalIDString = D76CBACE1F46716700D51490;
			remoteInfo = low_poly_engine;
		};
/* End PBXContainerItemProxy section */

/* Begin PBXFileReference section */
		D76CBACF1F46716700D51490 /* low_poly_engine.app */ = {isa = PBXFileReference; explicitFileType = wrapper.application; includeInIndex = 0; path = low_poly_engine.app; sourceTree = BUILT_PRODUCTS_DIR; };
		D76CBAD21F46716700D51490 /* AppDelegate.h */ = {isa = PBXFileReference; lastKnownFileType = sourcecode.c.h; path = AppDelegate.h; sourceTree = "<group>"; };
		D76CBAD31F46716700D51490 /* AppDelegate.m */ = {isa = PBXFileReference; lastKnownFileType = sourcecode.c.objc; path = AppDelegate.m; sourceTree = "<group>"; };
		D76CBAD61F46716700D51490 /* main.m */ = {isa = PBXFileReference; lastKnownFileType = sourcecode.c.objc; path = main.m; sourceTree = "<group>"; };
		D76CBADB1F46716700D51490 /* Assets.xcassets */ = {isa = PBXFileReference; lastKnownFileType = folder.assetcatalog; path = Assets.xcassets; sourceTree = "<group>"; };
		D76CBADE1F46716700D51490 /* Base */ = {isa = PBXFileReference; lastKnownFileType = file.storyboard; name = Base; path = Base.lproj/Main.storyboard; sourceTree = "<group>"; };
		D76CBAE01F46716700D51490 /* Info.plist */ = {isa = PBXFileReference; lastKnownFileType = text.plist.xml; path = Info.plist; sourceTree = "<group>"; };
		D76CBAE51F46716700D51490 /* low_poly_engineTests.xctest */ = {isa = PBXFileReference; explicitFileType = wrapper.cfbundle; includeInIndex = 0; path = low_poly_engineTests.xctest; sourceTree = BUILT_PRODUCTS_DIR; };
		D76CBAE91F46716700D51490 /* low_poly_engineTests.m */ = {isa = PBXFileReference; lastKnownFileType = sourcecode.c.objc; path = low_poly_engineTests.m; sourceTree = "<group>"; };
		D76CBAEB1F46716700D51490 /* Info.plist */ = {isa = PBXFileReference; lastKnownFileType = text.plist.xml; path = Info.plist; sourceTree = "<group>"; };
		D76CBAF01F46716700D51490 /* low_poly_engineUITests.xctest */ = {isa = PBXFileReference; explicitFileType = wrapper.cfbundle; includeInIndex = 0; path = low_poly_engineUITests.xctest; sourceTree = BUILT_PRODUCTS_DIR; };
		D76CBAF41F46716700D51490 /* low_poly_engineUITests.m */ = {isa = PBXFileReference; lastKnownFileType = sourcecode.c.objc; path = low_poly_engineUITests.m; sourceTree = "<group>"; };
		D76CBAF61F46716700D51490 /* Info.plist */ = {isa = PBXFileReference; lastKnownFileType = text.plist.xml; path = Info.plist; sourceTree = "<group>"; };
		D76CBB031F46B6AD00D51490 /* Metal.framework */ = {isa = PBXFileReference; lastKnownFileType = wrapper.framework; name = Metal.framework; path = System/Library/Frameworks/Metal.framework; sourceTree = SDKROOT; };
		D76CBB051F46B6B400D51490 /* MetalKit.framework */ = {isa = PBXFileReference; lastKnownFileType = wrapper.framework; name = MetalKit.framework; path = System/Library/Frameworks/MetalKit.framework; sourceTree = SDKROOT; };
		D76CBB0B1F46BF8C00D51490 /* EngineMetalView.m */ = {isa = PBXFileReference; fileEncoding = 4; lastKnownFileType = sourcecode.c.objc; path = EngineMetalView.m; sourceTree = "<group>"; };
		D76CBB0D1F46BF9F00D51490 /* EngineMetalView.h */ = {isa = PBXFileReference; fileEncoding = 4; lastKnownFileType = sourcecode.c.h; path = EngineMetalView.h; sourceTree = "<group>"; };
		D76CBB0E1F46D96B00D51490 /* engineShaders.metal */ = {isa = PBXFileReference; fileEncoding = 4; lastKnownFileType = sourcecode.metal; path = engineShaders.metal; sourceTree = "<group>"; };
/* End PBXFileReference section */

/* Begin PBXFrameworksBuildPhase section */
		D76CBACC1F46716700D51490 /* Frameworks */ = {
			isa = PBXFrameworksBuildPhase;
			buildActionMask = 2147483647;
			files = (
				D76CBB061F46B6B400D51490 /* MetalKit.framework in Frameworks */,
				D76CBB041F46B6AD00D51490 /* Metal.framework in Frameworks */,
			);
			runOnlyForDeploymentPostprocessing = 0;
		};
		D76CBAE21F46716700D51490 /* Frameworks */ = {
			isa = PBXFrameworksBuildPhase;
			buildActionMask = 2147483647;
			files = (
			);
			runOnlyForDeploymentPostprocessing = 0;
		};
		D76CBAED1F46716700D51490 /* Frameworks */ = {
			isa = PBXFrameworksBuildPhase;
			buildActionMask = 2147483647;
			files = (
			);
			runOnlyForDeploymentPostprocessing = 0;
		};
/* End PBXFrameworksBuildPhase section */

/* Begin PBXGroup section */
		D76CBAC61F46716700D51490 = {
			isa = PBXGroup;
			children = (
				D76CBAD11F46716700D51490 /* low_poly_engine */,
				D76CBAE81F46716700D51490 /* low_poly_engineTests */,
				D76CBAF31F46716700D51490 /* low_poly_engineUITests */,
				D76CBAD01F46716700D51490 /* Products */,
				D76CBB021F46B6AC00D51490 /* Frameworks */,
			);
			sourceTree = "<group>";
		};
		D76CBAD01F46716700D51490 /* Products */ = {
			isa = PBXGroup;
			children = (
				D76CBACF1F46716700D51490 /* low_poly_engine.app */,
				D76CBAE51F46716700D51490 /* low_poly_engineTests.xctest */,
				D76CBAF01F46716700D51490 /* low_poly_engineUITests.xctest */,
			);
			name = Products;
			sourceTree = "<group>";
		};
		D76CBAD11F46716700D51490 /* low_poly_engine */ = {
			isa = PBXGroup;
			children = (
				D76CBAD21F46716700D51490 /* AppDelegate.h */,
				D76CBAD31F46716700D51490 /* AppDelegate.m */,
				D76CBB0B1F46BF8C00D51490 /* EngineMetalView.m */,
				D76CBB0E1F46D96B00D51490 /* engineShaders.metal */,
				D76CBB0D1F46BF9F00D51490 /* EngineMetalView.h */,
				D76CBADB1F46716700D51490 /* Assets.xcassets */,
				D76CBADD1F46716700D51490 /* Main.storyboard */,
				D76CBAE01F46716700D51490 /* Info.plist */,
				D76CBAD51F46716700D51490 /* Supporting Files */,
			);
			path = low_poly_engine;
			sourceTree = "<group>";
		};
		D76CBAD51F46716700D51490 /* Supporting Files */ = {
			isa = PBXGroup;
			children = (
				D76CBAD61F46716700D51490 /* main.m */,
			);
			name = "Supporting Files";
			sourceTree = "<group>";
		};
		D76CBAE81F46716700D51490 /* low_poly_engineTests */ = {
			isa = PBXGroup;
			children = (
				D76CBAE91F46716700D51490 /* low_poly_engineTests.m */,
				D76CBAEB1F46716700D51490 /* Info.plist */,
			);
			path = low_poly_engineTests;
			sourceTree = "<group>";
		};
		D76CBAF31F46716700D51490 /* low_poly_engineUITests */ = {
			isa = PBXGroup;
			children = (
				D76CBAF41F46716700D51490 /* low_poly_engineUITests.m */,
				D76CBAF61F46716700D51490 /* Info.plist */,
			);
			path = low_poly_engineUITests;
			sourceTree = "<group>";
		};
		D76CBB021F46B6AC00D51490 /* Frameworks */ = {
			isa = PBXGroup;
			children = (
				D76CBB051F46B6B400D51490 /* MetalKit.framework */,
				D76CBB031F46B6AD00D51490 /* Metal.framework */,
			);
			name = Frameworks;
			sourceTree = "<group>";
		};
/* End PBXGroup section */

/* Begin PBXNativeTarget section */
		D76CBACE1F46716700D51490 /* low_poly_engine */ = {
			isa = PBXNativeTarget;
			buildConfigurationList = D76CBAF91F46716700D51490 /* Build configuration list for PBXNativeTarget "low_poly_engine" */;
			buildPhases = (
				D76CBACB1F46716700D51490 /* Sources */,
				D76CBACC1F46716700D51490 /* Frameworks */,
				D76CBACD1F46716700D51490 /* Resources */,
			);
			buildRules = (
			);
			dependencies = (
			);
			name = low_poly_engine;
			productName = low_poly_engine;
			productReference = D76CBACF1F46716700D51490 /* low_poly_engine.app */;
			productType = "com.apple.product-type.application";
		};
		D76CBAE41F46716700D51490 /* low_poly_engineTests */ = {
			isa = PBXNativeTarget;
			buildConfigurationList = D76CBAFC1F46716700D51490 /* Build configuration list for PBXNativeTarget "low_poly_engineTests" */;
			buildPhases = (
				D76CBAE11F46716700D51490 /* Sources */,
				D76CBAE21F46716700D51490 /* Frameworks */,
				D76CBAE31F46716700D51490 /* Resources */,
			);
			buildRules = (
			);
			dependencies = (
				D76CBAE71F46716700D51490 /* PBXTargetDependency */,
			);
			name = low_poly_engineTests;
			productName = low_poly_engineTests;
			productReference = D76CBAE51F46716700D51490 /* low_poly_engineTests.xctest */;
			productType = "com.apple.product-type.bundle.unit-test";
		};
		D76CBAEF1F46716700D51490 /* low_poly_engineUITests */ = {
			isa = PBXNativeTarget;
			buildConfigurationList = D76CBAFF1F46716700D51490 /* Build configuration list for PBXNativeTarget "low_poly_engineUITests" */;
			buildPhases = (
				D76CBAEC1F46716700D51490 /* Sources */,
				D76CBAED1F46716700D51490 /* Frameworks */,
				D76CBAEE1F46716700D51490 /* Resources */,
			);
			buildRules = (
			);
			dependencies = (
				D76CBAF21F46716700D51490 /* PBXTargetDependency */,
			);
			name = low_poly_engineUITests;
			productName = low_poly_engineUITests;
			productReference = D76CBAF01F46716700D51490 /* low_poly_engineUITests.xctest */;
			productType = "com.apple.product-type.bundle.ui-testing";
		};
/* End PBXNativeTarget section */

/* Begin PBXProject section */
		D76CBAC71F46716700D51490 /* Project object */ = {
			isa = PBXProject;
			attributes = {
				LastUpgradeCheck = 0830;
				ORGANIZATIONNAME = DEV;
				TargetAttributes = {
					D76CBACE1F46716700D51490 = {
						CreatedOnToolsVersion = 8.3.3;
						ProvisioningStyle = Automatic;
					};
					D76CBAE41F46716700D51490 = {
						CreatedOnToolsVersion = 8.3.3;
						ProvisioningStyle = Automatic;
						TestTargetID = D76CBACE1F46716700D51490;
					};
					D76CBAEF1F46716700D51490 = {
						CreatedOnToolsVersion = 8.3.3;
						ProvisioningStyle = Automatic;
						TestTargetID = D76CBACE1F46716700D51490;
					};
				};
			};
			buildConfigurationList = D76CBACA1F46716700D51490 /* Build configuration list for PBXProject "low_poly_engine" */;
			compatibilityVersion = "Xcode 3.2";
			developmentRegion = English;
			hasScannedForEncodings = 0;
			knownRegions = (
				en,
				Base,
			);
			mainGroup = D76CBAC61F46716700D51490;
			productRefGroup = D76CBAD01F46716700D51490 /* Products */;
			projectDirPath = "";
			projectRoot = "";
			targets = (
				D76CBACE1F46716700D51490 /* low_poly_engine */,
				D76CBAE41F46716700D51490 /* low_poly_engineTests */,
				D76CBAEF1F46716700D51490 /* low_poly_engineUITests */,
			);
		};
/* End PBXProject section */

/* Begin PBXResourcesBuildPhase section */
		D76CBACD1F46716700D51490 /* Resources */ = {
			isa = PBXResourcesBuildPhase;
			buildActionMask = 2147483647;
			files = (
				D76CBADC1F46716700D51490 /* Assets.xcassets in Resources */,
				D76CBADF1F46716700D51490 /* Main.storyboard in Resources */,
			);
			runOnlyForDeploymentPostprocessing = 0;
		};
		D76CBAE31F46716700D51490 /* Resources */ = {
			isa = PBXResourcesBuildPhase;
			buildActionMask = 2147483647;
			files = (
			);
			runOnlyForDeploymentPostprocessing = 0;
		};
		D76CBAEE1F46716700D51490 /* Resources */ = {
			isa = PBXResourcesBuildPhase;
			buildActionMask = 2147483647;
			files = (
			);
			runOnlyForDeploymentPostprocessing = 0;
		};
/* End PBXResourcesBuildPhase section */

/* Begin PBXSourcesBuildPhase section */
		D76CBACB1F46716700D51490 /* Sources */ = {
			isa = PBXSourcesBuildPhase;
			buildActionMask = 2147483647;
			files = (
				D76CBB0F1F46D96B00D51490 /* engineShaders.metal in Sources */,
				D76CBB0C1F46BF8C00D51490 /* EngineMetalView.m in Sources */,
				D76CBAD71F46716700D51490 /* main.m in Sources */,
				D76CBAD41F46716700D51490 /* AppDelegate.m in Sources */,
			);
			runOnlyForDeploymentPostprocessing = 0;
		};
		D76CBAE11F46716700D51490 /* Sources */ = {
			isa = PBXSourcesBuildPhase;
			buildActionMask = 2147483647;
			files = (
				D76CBAEA1F46716700D51490 /* low_poly_engineTests.m in Sources */,
			);
			runOnlyForDeploymentPostprocessing = 0;
		};
		D76CBAEC1F46716700D51490 /* Sources */ = {
			isa = PBXSourcesBuildPhase;
			buildActionMask = 2147483647;
			files = (
				D76CBAF51F46716700D51490 /* low_poly_engineUITests.m in Sources */,
			);
			runOnlyForDeploymentPostprocessing = 0;
		};
/* End PBXSourcesBuildPhase section */

/* Begin PBXTargetDependency section */
		D76CBAE71F46716700D51490 /* PBXTargetDependency */ = {
			isa = PBXTargetDependency;
			target = D76CBACE1F46716700D51490 /* low_poly_engine */;
			targetProxy = D76CBAE61F46716700D51490 /* PBXContainerItemProxy */;
		};
		D76CBAF21F46716700D51490 /* PBXTargetDependency */ = {
			isa = PBXTargetDependency;
			target = D76CBACE1F46716700D51490 /* low_poly_engine */;
			targetProxy = D76CBAF11F46716700D51490 /* PBXContainerItemProxy */;
		};
/* End PBXTargetDependency section */

/* Begin PBXVariantGroup section */
		D76CBADD1F46716700D51490 /* Main.storyboard */ = {
			isa = PBXVariantGroup;
			children = (
				D76CBADE1F46716700D51490 /* Base */,
			);
			name = Main.storyboard;
			sourceTree = "<group>";
		};
/* End PBXVariantGroup section */

/* Begin XCBuildConfiguration section */
		D76CBAF71F46716700D51490 /* Debug */ = {
			isa = XCBuildConfiguration;
			buildSettings = {
				ALWAYS_SEARCH_USER_PATHS = NO;
				CLANG_ANALYZER_NONNULL = YES;
				CLANG_ANALYZER_NUMBER_OBJECT_CONVERSION = YES_AGGRESSIVE;
				CLANG_CXX_LANGUAGE_STANDARD = "gnu++0x";
				CLANG_CXX_LIBRARY = "libc++";
				CLANG_ENABLE_MODULES = YES;
				CLANG_ENABLE_OBJC_ARC = YES;
				CLANG_WARN_BOOL_CONVERSION = YES;
				CLANG_WARN_CONSTANT_CONVERSION = YES;
				CLANG_WARN_DIRECT_OBJC_ISA_USAGE = YES_ERROR;
				CLANG_WARN_DOCUMENTATION_COMMENTS = YES;
				CLANG_WARN_EMPTY_BODY = YES;
				CLANG_WARN_ENUM_CONVERSION = YES;
				CLANG_WARN_INFINITE_RECURSION = YES;
				CLANG_WARN_INT_CONVERSION = YES;
				CLANG_WARN_OBJC_ROOT_CLASS = YES_ERROR;
				CLANG_WARN_SUSPICIOUS_MOVE = YES;
				CLANG_WARN_UNREACHABLE_CODE = YES;
				CLANG_WARN__DUPLICATE_METHOD_MATCH = YES;
				CODE_SIGN_IDENTITY = "-";
				COPY_PHASE_STRIP = NO;
				DEBUG_INFORMATION_FORMAT = dwarf;
				ENABLE_STRICT_OBJC_MSGSEND = YES;
				ENABLE_TESTABILITY = YES;
				GCC_C_LANGUAGE_STANDARD = gnu99;
				GCC_DYNAMIC_NO_PIC = NO;
				GCC_NO_COMMON_BLOCKS = YES;
				GCC_OPTIMIZATION_LEVEL = 0;
				GCC_PREPROCESSOR_DEFINITIONS = (
					"DEBUG=1",
					"$(inherited)",
				);
				GCC_WARN_64_TO_32_BIT_CONVERSION = YES;
				GCC_WARN_ABOUT_RETURN_TYPE = YES_ERROR;
				GCC_WARN_UNDECLARED_SELECTOR = YES;
				GCC_WARN_UNINITIALIZED_AUTOS = YES_AGGRESSIVE;
				GCC_WARN_UNUSED_FUNCTION = YES;
				GCC_WARN_UNUSED_VARIABLE = YES;
				MACOSX_DEPLOYMENT_TARGET = 10.12;
				MTL_ENABLE_DEBUG_INFO = YES;
				ONLY_ACTIVE_ARCH = YES;
				SDKROOT = macosx;
			};
			name = Debug;
		};
		D76CBAF81F46716700D51490 /* Release */ = {
			isa = XCBuildConfiguration;
			buildSettings = {
				ALWAYS_SEARCH_USER_PATHS = NO;
				CLANG_ANALYZER_NONNULL = YES;
				CLANG_ANALYZER_NUMBER_OBJECT_CONVERSION = YES_AGGRESSIVE;
				CLANG_CXX_LANGUAGE_STANDARD = "gnu++0x";
				CLANG_CXX_LIBRARY = "libc++";
				CLANG_ENABLE_MODULES = YES;
				CLANG_ENABLE_OBJC_ARC = YES;
				CLANG_WARN_BOOL_CONVERSION = YES;
				CLANG_WARN_CONSTANT_CONVERSION = YES;
				CLANG_WARN_DIRECT_OBJC_ISA_USAGE = YES_ERROR;
				CLANG_WARN_DOCUMENTATION_COMMENTS = YES;
				CLANG_WARN_EMPTY_BODY = YES;
				CLANG_WARN_ENUM_CONVERSION = YES;
				CLANG_WARN_INFINITE_RECURSION = YES;
				CLANG_WARN_INT_CONVERSION = YES;
				CLANG_WARN_OBJC_ROOT_CLASS = YES_ERROR;
				CLANG_WARN_SUSPICIOUS_MOVE = YES;
				CLANG_WARN_UNREACHABLE_CODE = YES;
				CLANG_WARN__DUPLICATE_METHOD_MATCH = YES;
				CODE_SIGN_IDENTITY = "-";
				COPY_PHASE_STRIP = NO;
				DEBUG_INFORMATION_FORMAT = "dwarf-with-dsym";
				ENABLE_NS_ASSERTIONS = NO;
				ENABLE_STRICT_OBJC_MSGSEND = YES;
				GCC_C_LANGUAGE_STANDARD = gnu99;
				GCC_NO_COMMON_BLOCKS = YES;
				GCC_WARN_64_TO_32_BIT_CONVERSION = YES;
				GCC_WARN_ABOUT_RETURN_TYPE = YES_ERROR;
				GCC_WARN_UNDECLARED_SELECTOR = YES;
				GCC_WARN_UNINITIALIZED_AUTOS = YES_AGGRESSIVE;
				GCC_WARN_UNUSED_FUNCTION = YES;
				GCC_WARN_UNUSED_VARIABLE = YES;
				MACOSX_DEPLOYMENT_TARGET = 10.12;
				MTL_ENABLE_DEBUG_INFO = NO;
				SDKROOT = macosx;
			};
			name = Release;
		};
		D76CBAFA1F46716700D51490 /* Debug */ = {
			isa = XCBuildConfiguration;
			buildSettings = {
				ASSETCATALOG_COMPILER_APPICON_NAME = AppIcon;
				COMBINE_HIDPI_IMAGES = YES;
				INFOPLIST_FILE = low_poly_engine/Info.plist;
				LD_RUNPATH_SEARCH_PATHS = "$(inherited) @executable_path/../Frameworks";
				MACOSX_DEPLOYMENT_TARGET = 10.12;
				PRODUCT_BUNDLE_IDENTIFIER = "alto.low-poly-engine";
				PRODUCT_NAME = "$(TARGET_NAME)";
			};
			name = Debug;
		};
		D76CBAFB1F46716700D51490 /* Release */ = {
			isa = XCBuildConfiguration;
			buildSettings = {
				ASSETCATALOG_COMPILER_APPICON_NAME = AppIcon;
				COMBINE_HIDPI_IMAGES = YES;
				INFOPLIST_FILE = low_poly_engine/Info.plist;
				LD_RUNPATH_SEARCH_PATHS = "$(inherited) @executable_path/../Frameworks";
				MACOSX_DEPLOYMENT_TARGET = 10.12;
				PRODUCT_BUNDLE_IDENTIFIER = "alto.low-poly-engine";
				PRODUCT_NAME = "$(TARGET_NAME)";
			};
			name = Release;
		};
		D76CBAFD1F46716700D51490 /* Debug */ = {
			isa = XCBuildConfiguration;
			buildSettings = {
				BUNDLE_LOADER = "$(TEST_HOST)";
				COMBINE_HIDPI_IMAGES = YES;
				INFOPLIST_FILE = low_poly_engineTests/Info.plist;
				LD_RUNPATH_SEARCH_PATHS = "$(inherited) @executable_path/../Frameworks @loader_path/../Frameworks";
				PRODUCT_BUNDLE_IDENTIFIER = "alto.low-poly-engineTests";
				PRODUCT_NAME = "$(TARGET_NAME)";
				TEST_HOST = "$(BUILT_PRODUCTS_DIR)/low_poly_engine.app/Contents/MacOS/low_poly_engine";
			};
			name = Debug;
		};
		D76CBAFE1F46716700D51490 /* Release */ = {
			isa = XCBuildConfiguration;
			buildSettings = {
				BUNDLE_LOADER = "$(TEST_HOST)";
				COMBINE_HIDPI_IMAGES = YES;
				INFOPLIST_FILE = low_poly_engineTests/Info.plist;
				LD_RUNPATH_SEARCH_PATHS = "$(inherited) @executable_path/../Frameworks @loader_path/../Frameworks";
				PRODUCT_BUNDLE_IDENTIFIER = "alto.low-poly-engineTests";
				PRODUCT_NAME = "$(TARGET_NAME)";
				TEST_HOST = "$(BUILT_PRODUCTS_DIR)/low_poly_engine.app/Contents/MacOS/low_poly_engine";
			};
			name = Release;
		};
		D76CBB001F46716700D51490 /* Debug */ = {
			isa = XCBuildConfiguration;
			buildSettings = {
				COMBINE_HIDPI_IMAGES = YES;
				INFOPLIST_FILE = low_poly_engineUITests/Info.plist;
				LD_RUNPATH_SEARCH_PATHS = "$(inherited) @executable_path/../Frameworks @loader_path/../Frameworks";
				PRODUCT_BUNDLE_IDENTIFIER = "alto.low-poly-engineUITests";
				PRODUCT_NAME = "$(TARGET_NAME)";
				TEST_TARGET_NAME = low_poly_engine;
			};
			name = Debug;
		};
		D76CBB011F46716700D51490 /* Release */ = {
			isa = XCBuildConfiguration;
			buildSettings = {
				COMBINE_HIDPI_IMAGES = YES;
				INFOPLIST_FILE = low_poly_engineUITests/Info.plist;
				LD_RUNPATH_SEARCH_PATHS = "$(inherited) @executable_path/../Frameworks @loader_path/../Frameworks";
				PRODUCT_BUNDLE_IDENTIFIER = "alto.low-poly-engineUITests";
				PRODUCT_NAME = "$(TARGET_NAME)";
				TEST_TARGET_NAME = low_poly_engine;
			};
			name = Release;
		};
/* End XCBuildConfiguration section */

/* Begin XCConfigurationList section */
		D76CBACA1F46716700D51490 /* Build configuration list for PBXProject "low_poly_engine" */ = {
			isa = XCConfigurationList;
			buildConfigurations = (
				D76CBAF71F46716700D51490 /* Debug */,
				D76CBAF81F46716700D51490 /* Release */,
			);
			defaultConfigurationIsVisible = 0;
			defaultConfigurationName = Release;
		};
		D76CBAF91F46716700D51490 /* Build configuration list for PBXNativeTarget "low_poly_engine" */ = {
			isa = XCConfigurationList;
			buildConfigurations = (
				D76CBAFA1F46716700D51490 /* Debug */,
				D76CBAFB1F46716700D51490 /* Release */,
			);
			defaultConfigurationIsVisible = 0;
		};
		D76CBAFC1F46716700D51490 /* Build configuration list for PBXNativeTarget "low_poly_engineTests" */ = {
			isa = XCConfigurationList;
			buildConfigurations = (
				D76CBAFD1F46716700D51490 /* Debug */,
				D76CBAFE1F46716700D51490 /* Release */,
			);
			defaultConfigurationIsVisible = 0;
		};
		D76CBAFF1F46716700D51490 /* Build configuration list for PBXNativeTarget "low_poly_engineUITests" */ = {
			isa = XCConfigurationList;
			buildConfigurations = (
				D76CBB001F46716700D51490 /* Debug */,
				D76CBB011F46716700D51490 /* Release */,
			);
			defaultConfigurationIsVisible = 0;
		};
/* End XCConfigurationList section */
	};
	rootObject = D76CBAC71F46716700D51490 /* Project object */;
}
